
Microsoft Visual Studio Solution File, Format Version 12.00
# Visual Studio Version 17
VisualStudioVersion = 17.8.34322.80
MinimumVisualStudioVersion = 10.0.40219.1
Project("{2150E333-8FDC-42A3-9474-1A3956D46DE8}") = "src", "src", "{AC013115-F871-42FE-9598-B433540E228C}"
EndProject
Project("{2150E333-8FDC-42A3-9474-1A3956D46DE8}") = "test", "test", "{EB30B016-25A9-4D7E-BDED-40BF78AEC04B}"
EndProject
Project("{2150E333-8FDC-42A3-9474-1A3956D46DE8}") = "Services", "Services", "{D2B6E676-694C-4634-8C58-1084CA2241F0}"
EndProject
Project("{2150E333-8FDC-42A3-9474-1A3956D46DE8}") = "Generic", "Generic", "{105AA9FD-10F4-4E92-B82E-04BA22F52181}"
EndProject
Project("{9A19103F-16F7-4668-BE54-9A1E7A4F7556}") = "Generic.Entity", "Generic.Entity\Generic.Entity.csproj", "{710EB9D9-0A19-4C68-A1EC-FC7F6B1C52BF}"
EndProject
Project("{9A19103F-16F7-4668-BE54-9A1E7A4F7556}") = "Generic.UnitOfWork", "Generic.UnitOfWork\Generic.UnitOfWork.csproj", "{F0D79D45-A78D-4D5C-9C49-880E3995A931}"
EndProject
Project("{2150E333-8FDC-42A3-9474-1A3956D46DE8}") = "Persons", "Persons", "{3F441BC3-7F69-47F3-B535-C860C3E59414}"
EndProject
Project("{9A19103F-16F7-4668-BE54-9A1E7A4F7556}") = "Person.Core", "Person.Core\Person.Core.csproj", "{75C468CE-2C05-4C72-8E13-AA72F41F79CD}"
EndProject
Project("{2150E333-8FDC-42A3-9474-1A3956D46DE8}") = "Shared", "Shared", "{DF4F9EA4-39FA-4A9F-802B-D02A42257A6F}"
EndProject
Project("{2150E333-8FDC-42A3-9474-1A3956D46DE8}") = "Infrastructure", "Infrastructure", "{1864E703-A160-4D05-9EA3-2C6FAC94C09D}"
EndProject
Project("{9A19103F-16F7-4668-BE54-9A1E7A4F7556}") = "App.Infrastructure", "App.Infrastructure\App.Infrastructure.csproj", "{73B7F029-E4D0-427E-A5BE-F3AE9A23D463}"
EndProject
Project("{2150E333-8FDC-42A3-9474-1A3956D46DE8}") = "Connection", "Connection", "{F90E73B7-7EEE-4F20-8CEA-51F973BAA046}"
EndProject
Project("{9A19103F-16F7-4668-BE54-9A1E7A4F7556}") = "ConnectionService", "ConnectionService\ConnectionService.csproj", "{F0A68C1E-9469-4E67-97F5-85184EC34A27}"
EndProject
Project("{2150E333-8FDC-42A3-9474-1A3956D46DE8}") = "WebApi", "WebApi", "{617C5C13-1E48-45BA-A511-6A278AB29209}"
EndProject
Project("{FAE04EC0-301F-11D3-BF4B-00C04F79EFBC}") = "WebShopApi", "WebShopApi\WebShopApi.csproj", "{D626BAAE-8E17-4E18-9FB1-89455203B043}"
EndProject
Global
	GlobalSection(SolutionConfigurationPlatforms) = preSolution
		Debug|Any CPU = Debug|Any CPU
		Release|Any CPU = Release|Any CPU
	EndGlobalSection
	GlobalSection(ProjectConfigurationPlatforms) = postSolution
		{710EB9D9-0A19-4C68-A1EC-FC7F6B1C52BF}.Debug|Any CPU.ActiveCfg = Debug|Any CPU
		{710EB9D9-0A19-4C68-A1EC-FC7F6B1C52BF}.Debug|Any CPU.Build.0 = Debug|Any CPU
		{710EB9D9-0A19-4C68-A1EC-FC7F6B1C52BF}.Release|Any CPU.ActiveCfg = Release|Any CPU
		{710EB9D9-0A19-4C68-A1EC-FC7F6B1C52BF}.Release|Any CPU.Build.0 = Release|Any CPU
		{F0D79D45-A78D-4D5C-9C49-880E3995A931}.Debug|Any CPU.ActiveCfg = Debug|Any CPU
		{F0D79D45-A78D-4D5C-9C49-880E3995A931}.Debug|Any CPU.Build.0 = Debug|Any CPU
		{F0D79D45-A78D-4D5C-9C49-880E3995A931}.Release|Any CPU.ActiveCfg = Release|Any CPU
		{F0D79D45-A78D-4D5C-9C49-880E3995A931}.Release|Any CPU.Build.0 = Release|Any CPU
		{75C468CE-2C05-4C72-8E13-AA72F41F79CD}.Debug|Any CPU.ActiveCfg = Debug|Any CPU
		{75C468CE-2C05-4C72-8E13-AA72F41F79CD}.Debug|Any CPU.Build.0 = Debug|Any CPU
		{75C468CE-2C05-4C72-8E13-AA72F41F79CD}.Release|Any CPU.ActiveCfg = Release|Any CPU
		{75C468CE-2C05-4C72-8E13-AA72F41F79CD}.Release|Any CPU.Build.0 = Release|Any CPU
		{73B7F029-E4D0-427E-A5BE-F3AE9A23D463}.Debug|Any CPU.ActiveCfg = Debug|Any CPU
		{73B7F029-E4D0-427E-A5BE-F3AE9A23D463}.Debug|Any CPU.Build.0 = Debug|Any CPU
		{73B7F029-E4D0-427E-A5BE-F3AE9A23D463}.Release|Any CPU.ActiveCfg = Release|Any CPU
		{73B7F029-E4D0-427E-A5BE-F3AE9A23D463}.Release|Any CPU.Build.0 = Release|Any CPU
		{F0A68C1E-9469-4E67-97F5-85184EC34A27}.Debug|Any CPU.ActiveCfg = Debug|Any CPU
		{F0A68C1E-9469-4E67-97F5-85184EC34A27}.Debug|Any CPU.Build.0 = Debug|Any CPU
		{F0A68C1E-9469-4E67-97F5-85184EC34A27}.Release|Any CPU.ActiveCfg = Release|Any CPU
		{F0A68C1E-9469-4E67-97F5-85184EC34A27}.Release|Any CPU.Build.0 = Release|Any CPU
		{D626BAAE-8E17-4E18-9FB1-89455203B043}.Debug|Any CPU.ActiveCfg = Debug|Any CPU
		{D626BAAE-8E17-4E18-9FB1-89455203B043}.Debug|Any CPU.Build.0 = Debug|Any CPU
		{D626BAAE-8E17-4E18-9FB1-89455203B043}.Release|Any CPU.ActiveCfg = Release|Any CPU
		{D626BAAE-8E17-4E18-9FB1-89455203B043}.Release|Any CPU.Build.0 = Release|Any CPU
	EndGlobalSection
	GlobalSection(SolutionProperties) = preSolution
		HideSolutionNode = FALSE
	EndGlobalSection
	GlobalSection(NestedProjects) = preSolution
		{D2B6E676-694C-4634-8C58-1084CA2241F0} = {AC013115-F871-42FE-9598-B433540E228C}
		{105AA9FD-10F4-4E92-B82E-04BA22F52181} = {AC013115-F871-42FE-9598-B433540E228C}
		{710EB9D9-0A19-4C68-A1EC-FC7F6B1C52BF} = {105AA9FD-10F4-4E92-B82E-04BA22F52181}
		{F0D79D45-A78D-4D5C-9C49-880E3995A931} = {105AA9FD-10F4-4E92-B82E-04BA22F52181}
		{3F441BC3-7F69-47F3-B535-C860C3E59414} = {D2B6E676-694C-4634-8C58-1084CA2241F0}
		{75C468CE-2C05-4C72-8E13-AA72F41F79CD} = {3F441BC3-7F69-47F3-B535-C860C3E59414}
		{DF4F9EA4-39FA-4A9F-802B-D02A42257A6F} = {AC013115-F871-42FE-9598-B433540E228C}
		{1864E703-A160-4D05-9EA3-2C6FAC94C09D} = {DF4F9EA4-39FA-4A9F-802B-D02A42257A6F}
		{73B7F029-E4D0-427E-A5BE-F3AE9A23D463} = {1864E703-A160-4D05-9EA3-2C6FAC94C09D}
		{F90E73B7-7EEE-4F20-8CEA-51F973BAA046} = {DF4F9EA4-39FA-4A9F-802B-D02A42257A6F}
		{F0A68C1E-9469-4E67-97F5-85184EC34A27} = {F90E73B7-7EEE-4F20-8CEA-51F973BAA046}
		{617C5C13-1E48-45BA-A511-6A278AB29209} = {AC013115-F871-42FE-9598-B433540E228C}
		{D626BAAE-8E17-4E18-9FB1-89455203B043} = {617C5C13-1E48-45BA-A511-6A278AB29209}
	EndGlobalSection
	GlobalSection(ExtensibilityGlobals) = postSolution
		SolutionGuid = {9783E2CB-AF6F-4220-8E44-EADB91A7E87C}
	EndGlobalSection
EndGlobal
